<?xml version="1.0" encoding="utf-8"?>
<Project ToolsVersion="4.0" xmlns="http://schemas.microsoft.com/developer/msbuild/2003">
  <ItemGroup>
    <Filter Include="源文件">
      <UniqueIdentifier>{4FC737F1-C7A5-4376-A066-2A32D752A2FF}</UniqueIdentifier>
      <Extensions>cpp;c;cc;cxx;def;odl;idl;hpj;bat;asm;asmx</Extensions>
    </Filter>
    <Filter Include="头文件">
      <UniqueIdentifier>{93995380-89BD-4b04-88EB-625FBE52EBFB}</UniqueIdentifier>
      <Extensions>h;hh;hpp;hxx;hm;inl;inc;xsd</Extensions>
    </Filter>
    <Filter Include="资源文件">
      <UniqueIdentifier>{67DA6AB6-F800-4c08-8B7A-83BB121AAD01}</UniqueIdentifier>
      <Extensions>rc;ico;cur;bmp;dlg;rc2;rct;bin;rgs;gif;jpg;jpeg;jpe;resx;tiff;tif;png;wav;mfcribbon-ms</Extensions>
    </Filter>
    <Filter Include="webref">
      <UniqueIdentifier>{6fe45ce1-ce0a-4891-bf1c-39f58ac15417}</UniqueIdentifier>
    </Filter>
    <Filter Include="lib">
      <UniqueIdentifier>{da8bf8fb-a660-41c8-9cd2-f8c89aea4e82}</UniqueIdentifier>
    </Filter>
    <Filter Include="webref\wxtracert">
      <UniqueIdentifier>{b3a19d66-1292-4a6a-bcd9-9d756997aef2}</UniqueIdentifier>
    </Filter>
  </ItemGroup>
  <ItemGroup>
    <Text Include="ReadMe.txt" />
  </ItemGroup>
  <ItemGroup>
    <ClInclude Include="targetver.h">
      <Filter>头文件</Filter>
    </ClInclude>
    <ClInclude Include="..\..\..\..\workspace\svn\xxIPD\02-Software Imp\DJ-XQ-W11081001\SRC\xxlib\xxdatatype\c_time.h">
      <Filter>lib</Filter>
    </ClInclude>
    <ClInclude Include="lib\check_file_path.h">
      <Filter>lib</Filter>
    </ClInclude>
    <ClInclude Include="lib\write_log.h">
      <Filter>lib</Filter>
    </ClInclude>
    <ClInclude Include="lib\replace_info.h">
      <Filter>lib</Filter>
    </ClInclude>
    <ClInclude Include="lib\iconv.h">
      <Filter>lib</Filter>
    </ClInclude>
    <ClInclude Include="ehl.ftpdata.save.h">
      <Filter>头文件</Filter>
    </ClInclude>
    <ClInclude Include="resource.h">
      <Filter>头文件</Filter>
    </ClInclude>
    <ClInclude Include="webref\wxtracert\webref_wxtracert.h">
      <Filter>webref\wxtracert</Filter>
    </ClInclude>
    <ClInclude Include="webref\wxtracert\tmriagent.h">
      <Filter>webref\wxtracert</Filter>
    </ClInclude>
  </ItemGroup>
  <ItemGroup>
    <ClCompile Include="ehl.ftpdata.save.cpp">
      <Filter>源文件</Filter>
    </ClCompile>
    <ClCompile Include="webref\wxtracert\webref_wxtracert.cpp">
      <Filter>webref\wxtracert</Filter>
    </ClCompile>
  </ItemGroup>
  <ItemGroup>
    <None Include="ehl_ftpdata_save.def">
      <Filter>源文件</Filter>
    </None>
    <None Include="webref\wxtracert\HTAgent.dll">
      <Filter>webref\wxtracert</Filter>
    </None>
  </ItemGroup>
  <ItemGroup>
    <Library Include="lib\iconv.lib">
      <Filter>lib</Filter>
    </Library>
    <Library Include="webref\wxtracert\HTAgent.lib">
      <Filter>webref\wxtracert</Filter>
    </Library>
  </ItemGroup>
  <ItemGroup>
    <ResourceCompile Include="ehl.ftpdata.save.rc">
      <Filter>资源文件</Filter>
    </ResourceCompile>
  </ItemGroup>
</Project>